
Microsoft Visual Studio Solution File, Format Version 12.00
# Visual Studio Version 17
VisualStudioVersion = 17.0.31903.59
MinimumVisualStudioVersion = 10.0.40219.1
Project("{2150E333-8FDC-42A3-9474-1A3956D46DE8}") = "src", "src", "{827E0CD3-B72D-47B6-A68D-7590B98EB39B}"
EndProject
Project("{FAE04EC0-301F-11D3-BF4B-00C04F79EFBC}") = "FakeMicro.Api", "src\FakeMicro.Api\FakeMicro.Api.csproj", "{FB3B9474-5246-4205-9192-7DD026F93379}"
EndProject
Project("{FAE04EC0-301F-11D3-BF4B-00C04F79EFBC}") = "FakeMicro.DatabaseAccess", "src\FakeMicro.DatabaseAccess\FakeMicro.DatabaseAccess.csproj", "{5DA260C1-088E-4958-A406-01341CA3B645}"
EndProject
Project("{FAE04EC0-301F-11D3-BF4B-00C04F79EFBC}") = "FakeMicro.Grains", "src\FakeMicro.Grains\FakeMicro.Grains.csproj", "{2AEC2FB6-63BB-4863-80FB-84476336A1DC}"
EndProject
Project("{FAE04EC0-301F-11D3-BF4B-00C04F79EFBC}") = "FakeMicro.Interfaces", "src\FakeMicro.Interfaces\FakeMicro.Interfaces.csproj", "{7087FDB2-4A70-4C7D-B24E-1DC8AB3BBD9B}"
EndProject
Project("{FAE04EC0-301F-11D3-BF4B-00C04F79EFBC}") = "FakeMicro.Silo", "src\FakeMicro.Silo\FakeMicro.Silo.csproj", "{FD5A5B90-09AB-4714-853A-275B4F5BF815}"
EndProject
Project("{FAE04EC0-301F-11D3-BF4B-00C04F79EFBC}") = "FakeMicro.Utilities", "src\FakeMicro.Utilities\FakeMicro.Utilities.csproj", "{A8A1EB01-7858-4FD1-A29E-A2AB5EDD3AF2}"
EndProject
Project("{FAE04EC0-301F-11D3-BF4B-00C04F79EFBC}") = "FakeMicro.Entities", "src\FakeMicro.Entities\FakeMicro.Entities.csproj", "{A6E45704-0EB9-41C2-ADBF-770A1D04DD5E}"
EndProject
Global
	GlobalSection(SolutionConfigurationPlatforms) = preSolution
		Debug|Any CPU = Debug|Any CPU
		Debug|x64 = Debug|x64
		Debug|x86 = Debug|x86
		Release|Any CPU = Release|Any CPU
		Release|x64 = Release|x64
		Release|x86 = Release|x86
	EndGlobalSection
	GlobalSection(ProjectConfigurationPlatforms) = postSolution
		{FB3B9474-5246-4205-9192-7DD026F93379}.Debug|Any CPU.ActiveCfg = Debug|Any CPU
		{FB3B9474-5246-4205-9192-7DD026F93379}.Debug|Any CPU.Build.0 = Debug|Any CPU
		{FB3B9474-5246-4205-9192-7DD026F93379}.Debug|x64.ActiveCfg = Debug|Any CPU
		{FB3B9474-5246-4205-9192-7DD026F93379}.Debug|x64.Build.0 = Debug|Any CPU
		{FB3B9474-5246-4205-9192-7DD026F93379}.Debug|x86.ActiveCfg = Debug|Any CPU
		{FB3B9474-5246-4205-9192-7DD026F93379}.Debug|x86.Build.0 = Debug|Any CPU
		{FB3B9474-5246-4205-9192-7DD026F93379}.Release|Any CPU.ActiveCfg = Release|Any CPU
		{FB3B9474-5246-4205-9192-7DD026F93379}.Release|Any CPU.Build.0 = Release|Any CPU
		{FB3B9474-5246-4205-9192-7DD026F93379}.Release|x64.ActiveCfg = Release|Any CPU
		{FB3B9474-5246-4205-9192-7DD026F93379}.Release|x64.Build.0 = Release|Any CPU
		{FB3B9474-5246-4205-9192-7DD026F93379}.Release|x86.ActiveCfg = Release|Any CPU
		{FB3B9474-5246-4205-9192-7DD026F93379}.Release|x86.Build.0 = Release|Any CPU
		{5DA260C1-088E-4958-A406-01341CA3B645}.Debug|Any CPU.ActiveCfg = Debug|Any CPU
		{5DA260C1-088E-4958-A406-01341CA3B645}.Debug|Any CPU.Build.0 = Debug|Any CPU
		{5DA260C1-088E-4958-A406-01341CA3B645}.Debug|x64.ActiveCfg = Debug|Any CPU
		{5DA260C1-088E-4958-A406-01341CA3B645}.Debug|x64.Build.0 = Debug|Any CPU
		{5DA260C1-088E-4958-A406-01341CA3B645}.Debug|x86.ActiveCfg = Debug|Any CPU
		{5DA260C1-088E-4958-A406-01341CA3B645}.Debug|x86.Build.0 = Debug|Any CPU
		{5DA260C1-088E-4958-A406-01341CA3B645}.Release|Any CPU.ActiveCfg = Release|Any CPU
		{5DA260C1-088E-4958-A406-01341CA3B645}.Release|Any CPU.Build.0 = Release|Any CPU
		{5DA260C1-088E-4958-A406-01341CA3B645}.Release|x64.ActiveCfg = Release|Any CPU
		{5DA260C1-088E-4958-A406-01341CA3B645}.Release|x64.Build.0 = Release|Any CPU
		{5DA260C1-088E-4958-A406-01341CA3B645}.Release|x86.ActiveCfg = Release|Any CPU
		{5DA260C1-088E-4958-A406-01341CA3B645}.Release|x86.Build.0 = Release|Any CPU
		{2AEC2FB6-63BB-4863-80FB-84476336A1DC}.Debug|Any CPU.ActiveCfg = Debug|Any CPU
		{2AEC2FB6-63BB-4863-80FB-84476336A1DC}.Debug|Any CPU.Build.0 = Debug|Any CPU
		{2AEC2FB6-63BB-4863-80FB-84476336A1DC}.Debug|x64.ActiveCfg = Debug|Any CPU
		{2AEC2FB6-63BB-4863-80FB-84476336A1DC}.Debug|x64.Build.0 = Debug|Any CPU
		{2AEC2FB6-63BB-4863-80FB-84476336A1DC}.Debug|x86.ActiveCfg = Debug|Any CPU
		{2AEC2FB6-63BB-4863-80FB-84476336A1DC}.Debug|x86.Build.0 = Debug|Any CPU
		{2AEC2FB6-63BB-4863-80FB-84476336A1DC}.Release|Any CPU.ActiveCfg = Release|Any CPU
		{2AEC2FB6-63BB-4863-80FB-84476336A1DC}.Release|Any CPU.Build.0 = Release|Any CPU
		{2AEC2FB6-63BB-4863-80FB-84476336A1DC}.Release|x64.ActiveCfg = Release|Any CPU
		{2AEC2FB6-63BB-4863-80FB-84476336A1DC}.Release|x64.Build.0 = Release|Any CPU
		{2AEC2FB6-63BB-4863-80FB-84476336A1DC}.Release|x86.ActiveCfg = Release|Any CPU
		{2AEC2FB6-63BB-4863-80FB-84476336A1DC}.Release|x86.Build.0 = Release|Any CPU
		{7087FDB2-4A70-4C7D-B24E-1DC8AB3BBD9B}.Debug|Any CPU.ActiveCfg = Debug|Any CPU
		{7087FDB2-4A70-4C7D-B24E-1DC8AB3BBD9B}.Debug|Any CPU.Build.0 = Debug|Any CPU
		{7087FDB2-4A70-4C7D-B24E-1DC8AB3BBD9B}.Debug|x64.ActiveCfg = Debug|Any CPU
		{7087FDB2-4A70-4C7D-B24E-1DC8AB3BBD9B}.Debug|x64.Build.0 = Debug|Any CPU
		{7087FDB2-4A70-4C7D-B24E-1DC8AB3BBD9B}.Debug|x86.ActiveCfg = Debug|Any CPU
		{7087FDB2-4A70-4C7D-B24E-1DC8AB3BBD9B}.Debug|x86.Build.0 = Debug|Any CPU
		{7087FDB2-4A70-4C7D-B24E-1DC8AB3BBD9B}.Release|Any CPU.ActiveCfg = Release|Any CPU
		{7087FDB2-4A70-4C7D-B24E-1DC8AB3BBD9B}.Release|Any CPU.Build.0 = Release|Any CPU
		{7087FDB2-4A70-4C7D-B24E-1DC8AB3BBD9B}.Release|x64.ActiveCfg = Release|Any CPU
		{7087FDB2-4A70-4C7D-B24E-1DC8AB3BBD9B}.Release|x64.Build.0 = Release|Any CPU
		{7087FDB2-4A70-4C7D-B24E-1DC8AB3BBD9B}.Release|x86.ActiveCfg = Release|Any CPU
		{7087FDB2-4A70-4C7D-B24E-1DC8AB3BBD9B}.Release|x86.Build.0 = Release|Any CPU
		{FD5A5B90-09AB-4714-853A-275B4F5BF815}.Debug|Any CPU.ActiveCfg = Debug|Any CPU
		{FD5A5B90-09AB-4714-853A-275B4F5BF815}.Debug|Any CPU.Build.0 = Debug|Any CPU
		{FD5A5B90-09AB-4714-853A-275B4F5BF815}.Debug|x64.ActiveCfg = Debug|Any CPU
		{FD5A5B90-09AB-4714-853A-275B4F5BF815}.Debug|x64.Build.0 = Debug|Any CPU
		{FD5A5B90-09AB-4714-853A-275B4F5BF815}.Debug|x86.ActiveCfg = Debug|Any CPU
		{FD5A5B90-09AB-4714-853A-275B4F5BF815}.Debug|x86.Build.0 = Debug|Any CPU
		{FD5A5B90-09AB-4714-853A-275B4F5BF815}.Release|Any CPU.ActiveCfg = Release|Any CPU
		{FD5A5B90-09AB-4714-853A-275B4F5BF815}.Release|Any CPU.Build.0 = Release|Any CPU
		{FD5A5B90-09AB-4714-853A-275B4F5BF815}.Release|x64.ActiveCfg = Release|Any CPU
		{FD5A5B90-09AB-4714-853A-275B4F5BF815}.Release|x64.Build.0 = Release|Any CPU
		{FD5A5B90-09AB-4714-853A-275B4F5BF815}.Release|x86.ActiveCfg = Release|Any CPU
		{FD5A5B90-09AB-4714-853A-275B4F5BF815}.Release|x86.Build.0 = Release|Any CPU
		{A8A1EB01-7858-4FD1-A29E-A2AB5EDD3AF2}.Debug|Any CPU.ActiveCfg = Debug|Any CPU
		{A8A1EB01-7858-4FD1-A29E-A2AB5EDD3AF2}.Debug|Any CPU.Build.0 = Debug|Any CPU
		{A8A1EB01-7858-4FD1-A29E-A2AB5EDD3AF2}.Debug|x64.ActiveCfg = Debug|Any CPU
		{A8A1EB01-7858-4FD1-A29E-A2AB5EDD3AF2}.Debug|x64.Build.0 = Debug|Any CPU
		{A8A1EB01-7858-4FD1-A29E-A2AB5EDD3AF2}.Debug|x86.ActiveCfg = Debug|Any CPU
		{A8A1EB01-7858-4FD1-A29E-A2AB5EDD3AF2}.Debug|x86.Build.0 = Debug|Any CPU
		{A8A1EB01-7858-4FD1-A29E-A2AB5EDD3AF2}.Release|Any CPU.ActiveCfg = Release|Any CPU
		{A8A1EB01-7858-4FD1-A29E-A2AB5EDD3AF2}.Release|Any CPU.Build.0 = Release|Any CPU
		{A8A1EB01-7858-4FD1-A29E-A2AB5EDD3AF2}.Release|x64.ActiveCfg = Release|Any CPU
		{A8A1EB01-7858-4FD1-A29E-A2AB5EDD3AF2}.Release|x64.Build.0 = Release|Any CPU
		{A8A1EB01-7858-4FD1-A29E-A2AB5EDD3AF2}.Release|x86.ActiveCfg = Release|Any CPU
		{A8A1EB01-7858-4FD1-A29E-A2AB5EDD3AF2}.Release|x86.Build.0 = Release|Any CPU
		{A6E45704-0EB9-41C2-ADBF-770A1D04DD5E}.Debug|Any CPU.ActiveCfg = Debug|Any CPU
		{A6E45704-0EB9-41C2-ADBF-770A1D04DD5E}.Debug|Any CPU.Build.0 = Debug|Any CPU
		{A6E45704-0EB9-41C2-ADBF-770A1D04DD5E}.Debug|x64.ActiveCfg = Debug|Any CPU
		{A6E45704-0EB9-41C2-ADBF-770A1D04DD5E}.Debug|x64.Build.0 = Debug|Any CPU
		{A6E45704-0EB9-41C2-ADBF-770A1D04DD5E}.Debug|x86.ActiveCfg = Debug|Any CPU
		{A6E45704-0EB9-41C2-ADBF-770A1D04DD5E}.Debug|x86.Build.0 = Debug|Any CPU
		{A6E45704-0EB9-41C2-ADBF-770A1D04DD5E}.Release|Any CPU.ActiveCfg = Release|Any CPU
		{A6E45704-0EB9-41C2-ADBF-770A1D04DD5E}.Release|Any CPU.Build.0 = Release|Any CPU
		{A6E45704-0EB9-41C2-ADBF-770A1D04DD5E}.Release|x64.ActiveCfg = Release|Any CPU
		{A6E45704-0EB9-41C2-ADBF-770A1D04DD5E}.Release|x64.Build.0 = Release|Any CPU
		{A6E45704-0EB9-41C2-ADBF-770A1D04DD5E}.Release|x86.ActiveCfg = Release|Any CPU
		{A6E45704-0EB9-41C2-ADBF-770A1D04DD5E}.Release|x86.Build.0 = Release|Any CPU
	EndGlobalSection
	GlobalSection(SolutionProperties) = preSolution
		HideSolutionNode = FALSE
	EndGlobalSection
	GlobalSection(NestedProjects) = preSolution
		{FB3B9474-5246-4205-9192-7DD026F93379} = {827E0CD3-B72D-47B6-A68D-7590B98EB39B}
		{5DA260C1-088E-4958-A406-01341CA3B645} = {827E0CD3-B72D-47B6-A68D-7590B98EB39B}
		{2AEC2FB6-63BB-4863-80FB-84476336A1DC} = {827E0CD3-B72D-47B6-A68D-7590B98EB39B}
		{7087FDB2-4A70-4C7D-B24E-1DC8AB3BBD9B} = {827E0CD3-B72D-47B6-A68D-7590B98EB39B}
		{FD5A5B90-09AB-4714-853A-275B4F5BF815} = {827E0CD3-B72D-47B6-A68D-7590B98EB39B}
		{A8A1EB01-7858-4FD1-A29E-A2AB5EDD3AF2} = {827E0CD3-B72D-47B6-A68D-7590B98EB39B}
		{A6E45704-0EB9-41C2-ADBF-770A1D04DD5E} = {827E0CD3-B72D-47B6-A68D-7590B98EB39B}
	EndGlobalSection
	GlobalSection(ExtensibilityGlobals) = postSolution
		SolutionGuid = {7AD5A471-6B20-400D-98A3-9029A3DE553F}
	EndGlobalSection
EndGlobal
